
Microsoft Visual Studio Solution File, Format Version 12.00
# Visual Studio Version 17
VisualStudioVersion = 17.6.33723.286
MinimumVisualStudioVersion = 10.0.40219.1
Project("{FAE04EC0-301F-11D3-BF4B-00C04F79EFBC}") = "PaymentInstamojo", "PaymentInstamojo\PaymentInstamojo.csproj", "{9DBDD670-48B4-4EC1-ACFC-4D3254955872}"
EndProject
Global
	GlobalSection(SolutionConfigurationPlatforms) = preSolution
		Debug|Any CPU = Debug|Any CPU
		Release|Any CPU = Release|Any CPU
	EndGlobalSection
	GlobalSection(ProjectConfigurationPlatforms) = postSolution
		{9DBDD670-48B4-4EC1-ACFC-4D3254955872}.Debug|Any CPU.ActiveCfg = Debug|Any CPU
		{9DBDD670-48B4-4EC1-ACFC-4D3254955872}.Debug|Any CPU.Build.0 = Debug|Any CPU
		{9DBDD670-48B4-4EC1-ACFC-4D3254955872}.Release|Any CPU.ActiveCfg = Release|Any CPU
		{9DBDD670-48B4-4EC1-ACFC-4D3254955872}.Release|Any CPU.Build.0 = Release|Any CPU
	EndGlobalSection
	GlobalSection(SolutionProperties) = preSolution
		HideSolutionNode = FALSE
	EndGlobalSection
	GlobalSection(ExtensibilityGlobals) = postSolution
		SolutionGuid = {014BA179-5670-4949-9D31-C9F984251E7E}
	EndGlobalSection
EndGlobal
